
Microsoft Visual Studio Solution File, Format Version 12.00
# Visual Studio Version 17
VisualStudioVersion = 17.5.33530.505
MinimumVisualStudioVersion = 10.0.40219.1
Project("{9A19103F-16F7-4668-BE54-9A1E7A4F7556}") = "K01_Proje_Yapisi", "K01_Proje_Yapisi\K01_Proje_Yapisi.csproj", "{515180EE-FC58-4560-B5DD-9712F0608218}"
EndProject
Project("{9A19103F-16F7-4668-BE54-9A1E7A4F7556}") = "K02_Razor", "K02_Razor\K02_Razor.csproj", "{22EC49FE-0BD7-4D6C-B8B3-F1C7ADA833D0}"
EndProject
Project("{9A19103F-16F7-4668-BE54-9A1E7A4F7556}") = "K05_DataTransferToViews", "K05_DataTransferToViews\K05_DataTransferToViews.csproj", "{68D8B7EA-1C13-4AE6-BED9-4DA98A9B1C82}"
EndProject
Project("{9A19103F-16F7-4668-BE54-9A1E7A4F7556}") = "K07_Models", "K07_Models\K07_Models.csproj", "{DD31BF4A-D785-4C36-94B8-E8FF9B07B60F}"
EndProject
Project("{FAE04EC0-301F-11D3-BF4B-00C04F79EFBC}") = "K08_CF_EF", "K08_CF_EF\K08_CF_EF.csproj", "{2BD0675C-26F0-4FBD-B187-8910D632BC60}"
EndProject
Global
	GlobalSection(SolutionConfigurationPlatforms) = preSolution
		Debug|Any CPU = Debug|Any CPU
		Release|Any CPU = Release|Any CPU
	EndGlobalSection
	GlobalSection(ProjectConfigurationPlatforms) = postSolution
		{515180EE-FC58-4560-B5DD-9712F0608218}.Debug|Any CPU.ActiveCfg = Debug|Any CPU
		{515180EE-FC58-4560-B5DD-9712F0608218}.Debug|Any CPU.Build.0 = Debug|Any CPU
		{515180EE-FC58-4560-B5DD-9712F0608218}.Release|Any CPU.ActiveCfg = Release|Any CPU
		{515180EE-FC58-4560-B5DD-9712F0608218}.Release|Any CPU.Build.0 = Release|Any CPU
		{22EC49FE-0BD7-4D6C-B8B3-F1C7ADA833D0}.Debug|Any CPU.ActiveCfg = Debug|Any CPU
		{22EC49FE-0BD7-4D6C-B8B3-F1C7ADA833D0}.Debug|Any CPU.Build.0 = Debug|Any CPU
		{22EC49FE-0BD7-4D6C-B8B3-F1C7ADA833D0}.Release|Any CPU.ActiveCfg = Release|Any CPU
		{22EC49FE-0BD7-4D6C-B8B3-F1C7ADA833D0}.Release|Any CPU.Build.0 = Release|Any CPU
		{68D8B7EA-1C13-4AE6-BED9-4DA98A9B1C82}.Debug|Any CPU.ActiveCfg = Debug|Any CPU
		{68D8B7EA-1C13-4AE6-BED9-4DA98A9B1C82}.Debug|Any CPU.Build.0 = Debug|Any CPU
		{68D8B7EA-1C13-4AE6-BED9-4DA98A9B1C82}.Release|Any CPU.ActiveCfg = Release|Any CPU
		{68D8B7EA-1C13-4AE6-BED9-4DA98A9B1C82}.Release|Any CPU.Build.0 = Release|Any CPU
		{DD31BF4A-D785-4C36-94B8-E8FF9B07B60F}.Debug|Any CPU.ActiveCfg = Debug|Any CPU
		{DD31BF4A-D785-4C36-94B8-E8FF9B07B60F}.Debug|Any CPU.Build.0 = Debug|Any CPU
		{DD31BF4A-D785-4C36-94B8-E8FF9B07B60F}.Release|Any CPU.ActiveCfg = Release|Any CPU
		{DD31BF4A-D785-4C36-94B8-E8FF9B07B60F}.Release|Any CPU.Build.0 = Release|Any CPU
		{2BD0675C-26F0-4FBD-B187-8910D632BC60}.Debug|Any CPU.ActiveCfg = Debug|Any CPU
		{2BD0675C-26F0-4FBD-B187-8910D632BC60}.Debug|Any CPU.Build.0 = Debug|Any CPU
		{2BD0675C-26F0-4FBD-B187-8910D632BC60}.Release|Any CPU.ActiveCfg = Release|Any CPU
		{2BD0675C-26F0-4FBD-B187-8910D632BC60}.Release|Any CPU.Build.0 = Release|Any CPU
	EndGlobalSection
	GlobalSection(SolutionProperties) = preSolution
		HideSolutionNode = FALSE
	EndGlobalSection
	GlobalSection(ExtensibilityGlobals) = postSolution
		SolutionGuid = {1A4554CF-4B87-4664-8FA0-73E13E85861A}
	EndGlobalSection
EndGlobal
